
Microsoft Visual Studio Solution File, Format Version 12.00
# Visual Studio Version 17
VisualStudioVersion = 17.6.33815.320
MinimumVisualStudioVersion = 10.0.40219.1
Project("{FAE04EC0-301F-11D3-BF4B-00C04F79EFBC}") = "ErrorHandling", "ErrorHandling.csproj", "{D9A09DF8-6689-4BAC-BBB4-09A1574088D0}"
EndProject
Global
	GlobalSection(SolutionConfigurationPlatforms) = preSolution
		Debug|Any CPU = Debug|Any CPU
		Release|Any CPU = Release|Any CPU
	EndGlobalSection
	GlobalSection(ProjectConfigurationPlatforms) = postSolution
		{D9A09DF8-6689-4BAC-BBB4-09A1574088D0}.Debug|Any CPU.ActiveCfg = Debug|Any CPU
		{D9A09DF8-6689-4BAC-BBB4-09A1574088D0}.Debug|Any CPU.Build.0 = Debug|Any CPU
		{D9A09DF8-6689-4BAC-BBB4-09A1574088D0}.Release|Any CPU.ActiveCfg = Release|Any CPU
		{D9A09DF8-6689-4BAC-BBB4-09A1574088D0}.Release|Any CPU.Build.0 = Release|Any CPU
	EndGlobalSection
	GlobalSection(SolutionProperties) = preSolution
		HideSolutionNode = FALSE
	EndGlobalSection
	GlobalSection(ExtensibilityGlobals) = postSolution
		SolutionGuid = {EDB5CAB8-3624-42E0-A4F0-965B3D8CBA94}
	EndGlobalSection
EndGlobal
